
Microsoft Visual Studio Solution File, Format Version 12.00
# Visual Studio 15
VisualStudioVersion = 15.0.27130.2024
MinimumVisualStudioVersion = 10.0.40219.1
Project("{9A19103F-16F7-4668-BE54-9A1E7A4F7556}") = "ExRam.Gremlinq", "ExRam.Gremlinq\ExRam.Gremlinq.csproj", "{8E7F39D7-8E11-4E11-97AF-8669A97B498C}"
EndProject
Project("{9A19103F-16F7-4668-BE54-9A1E7A4F7556}") = "ExRam.Gremlinq.Tests", "ExRam.Gremlinq.Tests\ExRam.Gremlinq.Tests.csproj", "{4620AFD8-78E5-4299-988C-9A3A7D71A9DA}"
EndProject
Project("{9A19103F-16F7-4668-BE54-9A1E7A4F7556}") = "ExRam.Gremlinq.Providers.CosmosDb", "ExRam.Gremlinq.Providers.CosmosDb\ExRam.Gremlinq.Providers.CosmosDb.csproj", "{1CFD6C6F-137F-4402-ACF2-A7775824282D}"
EndProject
Project("{9A19103F-16F7-4668-BE54-9A1E7A4F7556}") = "ExRam.Gremlinq.Providers.WebSocket", "ExRam.Gremlinq.Providers.WebSocket\ExRam.Gremlinq.Providers.WebSocket.csproj", "{8A621708-9F8A-4727-9D96-71B07CAF61A2}"
EndProject
Project("{2150E333-8FDC-42A3-9474-1A3956D46DE8}") = "Tests", "Tests", "{4E6D1C9D-C1F7-43CF-99F7-9D610B3D1989}"
EndProject
Project("{9A19103F-16F7-4668-BE54-9A1E7A4F7556}") = "ExRam.Gremlinq.Providers.WebSocket.Tests", "ExRam.Gremlinq.Providers.WebSocket.Tests\ExRam.Gremlinq.Providers.WebSocket.Tests.csproj", "{60B5F66F-A08C-4ACC-AE50-1FE286829790}"
EndProject
Project("{FAE04EC0-301F-11D3-BF4B-00C04F79EFBC}") = "ExRam.Gremlinq.Providers.CosmosDb.Tests", "ExRam.Gremlinq.Providers.CosmosDb.Tests\ExRam.Gremlinq.Providers.CosmosDb.Tests.csproj", "{E0F57FD2-0666-42B5-95ED-14D155A47F38}"
EndProject
Global
	GlobalSection(SolutionConfigurationPlatforms) = preSolution
		Debug|Any CPU = Debug|Any CPU
		Release|Any CPU = Release|Any CPU
	EndGlobalSection
	GlobalSection(ProjectConfigurationPlatforms) = postSolution
		{8E7F39D7-8E11-4E11-97AF-8669A97B498C}.Debug|Any CPU.ActiveCfg = Debug|Any CPU
		{8E7F39D7-8E11-4E11-97AF-8669A97B498C}.Debug|Any CPU.Build.0 = Debug|Any CPU
		{8E7F39D7-8E11-4E11-97AF-8669A97B498C}.Release|Any CPU.ActiveCfg = Release|Any CPU
		{8E7F39D7-8E11-4E11-97AF-8669A97B498C}.Release|Any CPU.Build.0 = Release|Any CPU
		{4620AFD8-78E5-4299-988C-9A3A7D71A9DA}.Debug|Any CPU.ActiveCfg = Debug|Any CPU
		{4620AFD8-78E5-4299-988C-9A3A7D71A9DA}.Debug|Any CPU.Build.0 = Debug|Any CPU
		{4620AFD8-78E5-4299-988C-9A3A7D71A9DA}.Release|Any CPU.ActiveCfg = Release|Any CPU
		{4620AFD8-78E5-4299-988C-9A3A7D71A9DA}.Release|Any CPU.Build.0 = Release|Any CPU
		{1CFD6C6F-137F-4402-ACF2-A7775824282D}.Debug|Any CPU.ActiveCfg = Debug|Any CPU
		{1CFD6C6F-137F-4402-ACF2-A7775824282D}.Debug|Any CPU.Build.0 = Debug|Any CPU
		{1CFD6C6F-137F-4402-ACF2-A7775824282D}.Release|Any CPU.ActiveCfg = Release|Any CPU
		{1CFD6C6F-137F-4402-ACF2-A7775824282D}.Release|Any CPU.Build.0 = Release|Any CPU
		{8A621708-9F8A-4727-9D96-71B07CAF61A2}.Debug|Any CPU.ActiveCfg = Debug|Any CPU
		{8A621708-9F8A-4727-9D96-71B07CAF61A2}.Debug|Any CPU.Build.0 = Debug|Any CPU
		{8A621708-9F8A-4727-9D96-71B07CAF61A2}.Release|Any CPU.ActiveCfg = Release|Any CPU
		{8A621708-9F8A-4727-9D96-71B07CAF61A2}.Release|Any CPU.Build.0 = Release|Any CPU
		{60B5F66F-A08C-4ACC-AE50-1FE286829790}.Debug|Any CPU.ActiveCfg = Debug|Any CPU
		{60B5F66F-A08C-4ACC-AE50-1FE286829790}.Debug|Any CPU.Build.0 = Debug|Any CPU
		{60B5F66F-A08C-4ACC-AE50-1FE286829790}.Release|Any CPU.ActiveCfg = Release|Any CPU
		{60B5F66F-A08C-4ACC-AE50-1FE286829790}.Release|Any CPU.Build.0 = Release|Any CPU
		{E0F57FD2-0666-42B5-95ED-14D155A47F38}.Debug|Any CPU.ActiveCfg = Debug|Any CPU
		{E0F57FD2-0666-42B5-95ED-14D155A47F38}.Debug|Any CPU.Build.0 = Debug|Any CPU
		{E0F57FD2-0666-42B5-95ED-14D155A47F38}.Release|Any CPU.ActiveCfg = Release|Any CPU
		{E0F57FD2-0666-42B5-95ED-14D155A47F38}.Release|Any CPU.Build.0 = Release|Any CPU
	EndGlobalSection
	GlobalSection(SolutionProperties) = preSolution
		HideSolutionNode = FALSE
	EndGlobalSection
	GlobalSection(NestedProjects) = preSolution
		{4620AFD8-78E5-4299-988C-9A3A7D71A9DA} = {4E6D1C9D-C1F7-43CF-99F7-9D610B3D1989}
		{60B5F66F-A08C-4ACC-AE50-1FE286829790} = {4E6D1C9D-C1F7-43CF-99F7-9D610B3D1989}
		{E0F57FD2-0666-42B5-95ED-14D155A47F38} = {4E6D1C9D-C1F7-43CF-99F7-9D610B3D1989}
	EndGlobalSection
	GlobalSection(ExtensibilityGlobals) = postSolution
		SolutionGuid = {7A76E21B-5855-4DA7-AAAE-4EBEE631CB3A}
	EndGlobalSection
EndGlobal
