<Solution>
  <Folder Name="/AspNet/">
    <Project Path="src/Core.AspNet/ExRam.Gremlinq.Core.AspNet.csproj" />
    <Project Path="src/Providers.CosmosDb.AspNet/ExRam.Gremlinq.Providers.CosmosDb.AspNet.csproj" />
    <Project Path="src/Providers.GremlinServer.AspNet/ExRam.Gremlinq.Providers.GremlinServer.AspNet.csproj" />
    <Project Path="src/Providers.JanusGraph.AspNet/ExRam.Gremlinq.Providers.JanusGraph.AspNet.csproj" />
    <Project Path="src/Providers.Neptune.AspNet/ExRam.Gremlinq.Providers.Neptune.AspNet.csproj" />
    <Project Path="src/Support.NewtonsoftJson.AspNet/ExRam.Gremlinq.Support.NewtonsoftJson.AspNet.csproj" />
  </Folder>
  <Folder Name="/Solution Items/">
    <File Path="README.md" />
  </Folder>
  <Folder Name="/Solution Items/workflows/" Id="02ea681e-c7d8-13c7-8484-4ac65e1b71e8" >
    <File Path=".github/workflows/checkPullRequest.yml" />
    <File Path=".github/workflows/pack.yml" />
  </Folder>
  <Folder Name="/Tests/">
    <Project Path="test/Core.AspNet.Tests/ExRam.Gremlinq.Core.AspNet.Tests.csproj" />
    <Project Path="test/Core.Tests/ExRam.Gremlinq.Core.Tests.csproj" />
    <Project Path="test/Providers.Core.Tests/ExRam.Gremlinq.Providers.Core.Tests.csproj" />
    <Project Path="test/Providers.CosmosDb.Tests/ExRam.Gremlinq.Providers.CosmosDb.Tests.csproj" />
    <Project Path="test/Providers.GremlinServer.Tests/ExRam.Gremlinq.Providers.GremlinServer.Tests.csproj" />
    <Project Path="test/Providers.JanusGraph.Tests/ExRam.Gremlinq.Providers.JanusGraph.Tests.csproj" />
    <Project Path="test/Providers.Neptune.Tests/ExRam.Gremlinq.Providers.Neptune.Tests.csproj" />
    <Project Path="test/PublicApi.Tests/ExRam.Gremlinq.PublicApi.Tests.csproj" />
    <Project Path="test/Support.NewtonsoftJson.Tests/ExRam.Gremlinq.Support.NewtonsoftJson.Tests.csproj" />
    <Project Path="test/Support.TestContainers.Tests/ExRam.Gremlinq.Support.TestContainers.Tests.csproj" />
    <Project Path="test/Templates.Tests/ExRam.Gremlinq.Templates.Tests.csproj" />
  </Folder>
  <Folder Name="/Tests/AspNet/" Id="fcf14c50-b136-1511-edf9-ae429edca974">
    <Project Path="test/Providers.CosmosDb.AspNet.Tests/ExRam.Gremlinq.Providers.CosmosDb.AspNet.Tests.csproj" />
    <Project Path="test/Providers.GremlinServer.AspNet.Tests/ExRam.Gremlinq.Providers.GremlinServer.AspNet.Tests.csproj" />
    <Project Path="test/Providers.JanusGraph.AspNet.Tests/ExRam.Gremlinq.Providers.JanusGraph.AspNet.Tests.csproj" />
    <Project Path="test/Providers.Neptune.AspNet.Tests/ExRam.Gremlinq.Providers.Neptune.AspNet.Tests.csproj" />
  </Folder>
  <Folder Name="/Tests/Infrastructure/" Id="2cdfc2b4-03a0-2a52-1000-a892d95dd3fa">
    <Project Path="test/Tests.Entities/ExRam.Gremlinq.Tests.Entities.csproj" />
    <Project Path="test/Tests.Fixtures/ExRam.Gremlinq.Tests.Fixtures.csproj" />
    <Project Path="test/Tests.Infrastructure/ExRam.Gremlinq.Tests.Infrastructure.csproj" />
  </Folder>
  <Project Path="src/Core/ExRam.Gremlinq.Core.csproj" />
  <Project Path="src/Providers.Core/ExRam.Gremlinq.Providers.Core.csproj" />
  <Project Path="src/Providers.CosmosDb/ExRam.Gremlinq.Providers.CosmosDb.csproj" />
  <Project Path="src/Providers.GremlinServer/ExRam.Gremlinq.Providers.GremlinServer.csproj" />
  <Project Path="src/Providers.JanusGraph/ExRam.Gremlinq.Providers.JanusGraph.csproj" />
  <Project Path="src/Providers.Neptune/ExRam.Gremlinq.Providers.Neptune.csproj" />
  <Project Path="src/Support.NewtonsoftJson/ExRam.Gremlinq.Support.NewtonsoftJson.csproj" />
  <Project Path="src/Support.TestContainers/ExRam.Gremlinq.Support.TestContainers.csproj" />
  <Project Path="templates/ExRam.Gremlinq.Templates.csproj" />
</Solution>
