
Microsoft Visual Studio Solution File, Format Version 12.00
# Visual Studio Version 16
VisualStudioVersion = 16.0.29519.87
MinimumVisualStudioVersion = 10.0.40219.1
Project("{9A19103F-16F7-4668-BE54-9A1E7A4F7556}") = "ExRam.Gremlinq.Core", "ExRam.Gremlinq.Core\ExRam.Gremlinq.Core.csproj", "{8E7F39D7-8E11-4E11-97AF-8669A97B498C}"
EndProject
Project("{9A19103F-16F7-4668-BE54-9A1E7A4F7556}") = "ExRam.Gremlinq.Core.Tests", "ExRam.Gremlinq.Core.Tests\ExRam.Gremlinq.Core.Tests.csproj", "{4620AFD8-78E5-4299-988C-9A3A7D71A9DA}"
EndProject
Project("{9A19103F-16F7-4668-BE54-9A1E7A4F7556}") = "ExRam.Gremlinq.Providers.CosmosDb", "ExRam.Gremlinq.Providers.CosmosDb\ExRam.Gremlinq.Providers.CosmosDb.csproj", "{1CFD6C6F-137F-4402-ACF2-A7775824282D}"
EndProject
Project("{9A19103F-16F7-4668-BE54-9A1E7A4F7556}") = "ExRam.Gremlinq.Providers.WebSocket", "ExRam.Gremlinq.Providers.WebSocket\ExRam.Gremlinq.Providers.WebSocket.csproj", "{8A621708-9F8A-4727-9D96-71B07CAF61A2}"
EndProject
Project("{2150E333-8FDC-42A3-9474-1A3956D46DE8}") = "Tests", "Tests", "{4E6D1C9D-C1F7-43CF-99F7-9D610B3D1989}"
EndProject
Project("{9A19103F-16F7-4668-BE54-9A1E7A4F7556}") = "ExRam.Gremlinq.Providers.WebSocket.Tests", "ExRam.Gremlinq.Providers.WebSocket.Tests\ExRam.Gremlinq.Providers.WebSocket.Tests.csproj", "{60B5F66F-A08C-4ACC-AE50-1FE286829790}"
EndProject
Project("{9A19103F-16F7-4668-BE54-9A1E7A4F7556}") = "ExRam.Gremlinq.Providers.CosmosDb.Tests", "ExRam.Gremlinq.Providers.CosmosDb.Tests\ExRam.Gremlinq.Providers.CosmosDb.Tests.csproj", "{E0F57FD2-0666-42B5-95ED-14D155A47F38}"
EndProject
Project("{9A19103F-16F7-4668-BE54-9A1E7A4F7556}") = "ExRam.Gremlinq.Providers.Tests", "ExRam.Gremlinq.Providers.Tests\ExRam.Gremlinq.Providers.Tests.csproj", "{CCC2B0E4-FD5D-49E0-9872-2EA0A720EB1B}"
EndProject
Project("{9A19103F-16F7-4668-BE54-9A1E7A4F7556}") = "ExRam.Gremlinq.Samples", "ExRam.Gremlinq.Samples\ExRam.Gremlinq.Samples\ExRam.Gremlinq.Samples.csproj", "{AF5D779D-C31B-4C2F-80EC-29C2FC648DFE}"
EndProject
Project("{9A19103F-16F7-4668-BE54-9A1E7A4F7556}") = "ExRam.Gremlinq.Tests.Entities", "ExRam.Gremlinq.Tests.Entities\ExRam.Gremlinq.Tests.Entities.csproj", "{65F0D284-7DD6-40DA-8B89-BDAA02326DF0}"
EndProject
Project("{2150E333-8FDC-42A3-9474-1A3956D46DE8}") = "Solution Items", "Solution Items", "{2CD9652B-1596-4A02-AF9B-6CE149AB3F65}"
	ProjectSection(SolutionItems) = preProject
		README.md = README.md
	EndProjectSection
EndProject
Project("{9A19103F-16F7-4668-BE54-9A1E7A4F7556}") = "ExRam.Gremlinq.Providers.GremlinServer", "ExRam.Gremlinq.Providers.GremlinServer\ExRam.Gremlinq.Providers.GremlinServer.csproj", "{20804D10-7599-407F-898E-B53A6BCA5C1D}"
EndProject
Project("{9A19103F-16F7-4668-BE54-9A1E7A4F7556}") = "ExRam.Gremlinq.Providers.GremlinServer.Tests", "ExRam.Gremlinq.Providers.GremlinServer.Tests\ExRam.Gremlinq.Providers.GremlinServer.Tests.csproj", "{91CDCB6C-CCB1-4695-9C75-6D31D807C86F}"
EndProject
Project("{9A19103F-16F7-4668-BE54-9A1E7A4F7556}") = "ExRam.Gremlinq.Providers.Neptune", "ExRam.Gremlinq.Providers.Neptune\ExRam.Gremlinq.Providers.Neptune.csproj", "{E7D07EBD-5530-4843-802A-6DD0D15F7037}"
EndProject
Project("{9A19103F-16F7-4668-BE54-9A1E7A4F7556}") = "ExRam.Gremlinq.Providers.Neptune.Tests", "ExRam.Gremlinq.Providers.Neptune.Tests\ExRam.Gremlinq.Providers.Neptune.Tests.csproj", "{C6EA6478-0A18-4D8F-B475-8370413C79BE}"
EndProject
Project("{9A19103F-16F7-4668-BE54-9A1E7A4F7556}") = "ExRam.Gremlinq.PublicApi.Tests", "ExRam.Gremlinq.PublicApi.Tests\ExRam.Gremlinq.PublicApi.Tests.csproj", "{D4BB3324-E416-4C41-9FCB-1C1FDA5FE7E4}"
EndProject
Project("{9A19103F-16F7-4668-BE54-9A1E7A4F7556}") = "ExRam.Gremlinq.Core.AspNet", "ExRam.Gremlinq.Core.AspNet\ExRam.Gremlinq.Core.AspNet.csproj", "{6E351A4C-C1E6-4EEB-A956-3E241CB377A9}"
EndProject
Project("{2150E333-8FDC-42A3-9474-1A3956D46DE8}") = "AspNet", "AspNet", "{179A3F19-19B0-4DE2-B843-83AF4241244A}"
EndProject
Project("{9A19103F-16F7-4668-BE54-9A1E7A4F7556}") = "ExRam.Gremlinq.Providers.GremlinServer.AspNet", "ExRam.Gremlinq.Providers.GremlinServer.AspNet\ExRam.Gremlinq.Providers.GremlinServer.AspNet.csproj", "{A3E92EDA-3FAC-4B65-BE3E-106A1BB1167C}"
EndProject
Project("{9A19103F-16F7-4668-BE54-9A1E7A4F7556}") = "ExRam.Gremlinq.Providers.WebSocket.AspNet", "ExRam.Gremlinq.Providers.WebSocket.AspNet\ExRam.Gremlinq.Providers.WebSocket.AspNet.csproj", "{B15DCF7F-D3C8-4ED2-ADED-0743D5CF2377}"
EndProject
Project("{9A19103F-16F7-4668-BE54-9A1E7A4F7556}") = "ExRam.Gremlinq.Providers.CosmosDb.AspNet", "ExRam.Gremlinq.Providers.CosmosDb.AspNet\ExRam.Gremlinq.Providers.CosmosDb.AspNet.csproj", "{B3DD7F6D-49DE-42CE-97BA-F90F9820D126}"
EndProject
Project("{9A19103F-16F7-4668-BE54-9A1E7A4F7556}") = "ExRam.Gremlinq.Providers.Neptune.AspNet", "ExRam.Gremlinq.Providers.Neptune.AspNet\ExRam.Gremlinq.Providers.Neptune.AspNet.csproj", "{7C211878-D55B-444E-AFD0-4095A5B3573B}"
EndProject
Project("{9A19103F-16F7-4668-BE54-9A1E7A4F7556}") = "ExRam.Gremlinq.Providers.JanusGraph", "ExRam.Gremlinq.Providers.JanusGraph\ExRam.Gremlinq.Providers.JanusGraph.csproj", "{84D78612-38F6-4FE7-BAB1-4B94316D2299}"
EndProject
Project("{9A19103F-16F7-4668-BE54-9A1E7A4F7556}") = "ExRam.Gremlinq.Providers.JanusGraph.AspNet", "ExRam.Gremlinq.Providers.JanusGraph.AspNet\ExRam.Gremlinq.Providers.JanusGraph.AspNet.csproj", "{69C738C8-37D2-41DB-A8DE-00E38B22BCA6}"
EndProject
Project("{9A19103F-16F7-4668-BE54-9A1E7A4F7556}") = "ExRam.Gremlinq.Providers.JanusGraph.Tests", "ExRam.Gremlinq.Providers.JanusGraph.Tests\ExRam.Gremlinq.Providers.JanusGraph.Tests.csproj", "{A1DA8260-60D7-4D47-A7FA-C83E727653D1}"
EndProject
Global
	GlobalSection(SolutionConfigurationPlatforms) = preSolution
		Debug|Any CPU = Debug|Any CPU
		Release|Any CPU = Release|Any CPU
	EndGlobalSection
	GlobalSection(ProjectConfigurationPlatforms) = postSolution
		{8E7F39D7-8E11-4E11-97AF-8669A97B498C}.Debug|Any CPU.ActiveCfg = Debug|Any CPU
		{8E7F39D7-8E11-4E11-97AF-8669A97B498C}.Debug|Any CPU.Build.0 = Debug|Any CPU
		{8E7F39D7-8E11-4E11-97AF-8669A97B498C}.Release|Any CPU.ActiveCfg = Release|Any CPU
		{8E7F39D7-8E11-4E11-97AF-8669A97B498C}.Release|Any CPU.Build.0 = Release|Any CPU
		{4620AFD8-78E5-4299-988C-9A3A7D71A9DA}.Debug|Any CPU.ActiveCfg = Debug|Any CPU
		{4620AFD8-78E5-4299-988C-9A3A7D71A9DA}.Debug|Any CPU.Build.0 = Debug|Any CPU
		{4620AFD8-78E5-4299-988C-9A3A7D71A9DA}.Release|Any CPU.ActiveCfg = Release|Any CPU
		{4620AFD8-78E5-4299-988C-9A3A7D71A9DA}.Release|Any CPU.Build.0 = Release|Any CPU
		{1CFD6C6F-137F-4402-ACF2-A7775824282D}.Debug|Any CPU.ActiveCfg = Debug|Any CPU
		{1CFD6C6F-137F-4402-ACF2-A7775824282D}.Debug|Any CPU.Build.0 = Debug|Any CPU
		{1CFD6C6F-137F-4402-ACF2-A7775824282D}.Release|Any CPU.ActiveCfg = Release|Any CPU
		{1CFD6C6F-137F-4402-ACF2-A7775824282D}.Release|Any CPU.Build.0 = Release|Any CPU
		{8A621708-9F8A-4727-9D96-71B07CAF61A2}.Debug|Any CPU.ActiveCfg = Debug|Any CPU
		{8A621708-9F8A-4727-9D96-71B07CAF61A2}.Debug|Any CPU.Build.0 = Debug|Any CPU
		{8A621708-9F8A-4727-9D96-71B07CAF61A2}.Release|Any CPU.ActiveCfg = Release|Any CPU
		{8A621708-9F8A-4727-9D96-71B07CAF61A2}.Release|Any CPU.Build.0 = Release|Any CPU
		{60B5F66F-A08C-4ACC-AE50-1FE286829790}.Debug|Any CPU.ActiveCfg = Debug|Any CPU
		{60B5F66F-A08C-4ACC-AE50-1FE286829790}.Debug|Any CPU.Build.0 = Debug|Any CPU
		{60B5F66F-A08C-4ACC-AE50-1FE286829790}.Release|Any CPU.ActiveCfg = Release|Any CPU
		{60B5F66F-A08C-4ACC-AE50-1FE286829790}.Release|Any CPU.Build.0 = Release|Any CPU
		{E0F57FD2-0666-42B5-95ED-14D155A47F38}.Debug|Any CPU.ActiveCfg = Debug|Any CPU
		{E0F57FD2-0666-42B5-95ED-14D155A47F38}.Debug|Any CPU.Build.0 = Debug|Any CPU
		{E0F57FD2-0666-42B5-95ED-14D155A47F38}.Release|Any CPU.ActiveCfg = Release|Any CPU
		{E0F57FD2-0666-42B5-95ED-14D155A47F38}.Release|Any CPU.Build.0 = Release|Any CPU
		{CCC2B0E4-FD5D-49E0-9872-2EA0A720EB1B}.Debug|Any CPU.ActiveCfg = Debug|Any CPU
		{CCC2B0E4-FD5D-49E0-9872-2EA0A720EB1B}.Debug|Any CPU.Build.0 = Debug|Any CPU
		{CCC2B0E4-FD5D-49E0-9872-2EA0A720EB1B}.Release|Any CPU.ActiveCfg = Release|Any CPU
		{CCC2B0E4-FD5D-49E0-9872-2EA0A720EB1B}.Release|Any CPU.Build.0 = Release|Any CPU
		{AF5D779D-C31B-4C2F-80EC-29C2FC648DFE}.Debug|Any CPU.ActiveCfg = Debug|Any CPU
		{AF5D779D-C31B-4C2F-80EC-29C2FC648DFE}.Debug|Any CPU.Build.0 = Debug|Any CPU
		{AF5D779D-C31B-4C2F-80EC-29C2FC648DFE}.Release|Any CPU.ActiveCfg = Release|Any CPU
		{AF5D779D-C31B-4C2F-80EC-29C2FC648DFE}.Release|Any CPU.Build.0 = Release|Any CPU
		{65F0D284-7DD6-40DA-8B89-BDAA02326DF0}.Debug|Any CPU.ActiveCfg = Debug|Any CPU
		{65F0D284-7DD6-40DA-8B89-BDAA02326DF0}.Debug|Any CPU.Build.0 = Debug|Any CPU
		{65F0D284-7DD6-40DA-8B89-BDAA02326DF0}.Release|Any CPU.ActiveCfg = Release|Any CPU
		{65F0D284-7DD6-40DA-8B89-BDAA02326DF0}.Release|Any CPU.Build.0 = Release|Any CPU
		{20804D10-7599-407F-898E-B53A6BCA5C1D}.Debug|Any CPU.ActiveCfg = Debug|Any CPU
		{20804D10-7599-407F-898E-B53A6BCA5C1D}.Debug|Any CPU.Build.0 = Debug|Any CPU
		{20804D10-7599-407F-898E-B53A6BCA5C1D}.Release|Any CPU.ActiveCfg = Release|Any CPU
		{20804D10-7599-407F-898E-B53A6BCA5C1D}.Release|Any CPU.Build.0 = Release|Any CPU
		{91CDCB6C-CCB1-4695-9C75-6D31D807C86F}.Debug|Any CPU.ActiveCfg = Debug|Any CPU
		{91CDCB6C-CCB1-4695-9C75-6D31D807C86F}.Debug|Any CPU.Build.0 = Debug|Any CPU
		{91CDCB6C-CCB1-4695-9C75-6D31D807C86F}.Release|Any CPU.ActiveCfg = Release|Any CPU
		{91CDCB6C-CCB1-4695-9C75-6D31D807C86F}.Release|Any CPU.Build.0 = Release|Any CPU
		{E7D07EBD-5530-4843-802A-6DD0D15F7037}.Debug|Any CPU.ActiveCfg = Debug|Any CPU
		{E7D07EBD-5530-4843-802A-6DD0D15F7037}.Debug|Any CPU.Build.0 = Debug|Any CPU
		{E7D07EBD-5530-4843-802A-6DD0D15F7037}.Release|Any CPU.ActiveCfg = Release|Any CPU
		{E7D07EBD-5530-4843-802A-6DD0D15F7037}.Release|Any CPU.Build.0 = Release|Any CPU
		{C6EA6478-0A18-4D8F-B475-8370413C79BE}.Debug|Any CPU.ActiveCfg = Debug|Any CPU
		{C6EA6478-0A18-4D8F-B475-8370413C79BE}.Debug|Any CPU.Build.0 = Debug|Any CPU
		{C6EA6478-0A18-4D8F-B475-8370413C79BE}.Release|Any CPU.ActiveCfg = Release|Any CPU
		{C6EA6478-0A18-4D8F-B475-8370413C79BE}.Release|Any CPU.Build.0 = Release|Any CPU
		{D4BB3324-E416-4C41-9FCB-1C1FDA5FE7E4}.Debug|Any CPU.ActiveCfg = Debug|Any CPU
		{D4BB3324-E416-4C41-9FCB-1C1FDA5FE7E4}.Debug|Any CPU.Build.0 = Debug|Any CPU
		{D4BB3324-E416-4C41-9FCB-1C1FDA5FE7E4}.Release|Any CPU.ActiveCfg = Release|Any CPU
		{D4BB3324-E416-4C41-9FCB-1C1FDA5FE7E4}.Release|Any CPU.Build.0 = Release|Any CPU
		{6E351A4C-C1E6-4EEB-A956-3E241CB377A9}.Debug|Any CPU.ActiveCfg = Debug|Any CPU
		{6E351A4C-C1E6-4EEB-A956-3E241CB377A9}.Debug|Any CPU.Build.0 = Debug|Any CPU
		{6E351A4C-C1E6-4EEB-A956-3E241CB377A9}.Release|Any CPU.ActiveCfg = Release|Any CPU
		{6E351A4C-C1E6-4EEB-A956-3E241CB377A9}.Release|Any CPU.Build.0 = Release|Any CPU
		{A3E92EDA-3FAC-4B65-BE3E-106A1BB1167C}.Debug|Any CPU.ActiveCfg = Debug|Any CPU
		{A3E92EDA-3FAC-4B65-BE3E-106A1BB1167C}.Debug|Any CPU.Build.0 = Debug|Any CPU
		{A3E92EDA-3FAC-4B65-BE3E-106A1BB1167C}.Release|Any CPU.ActiveCfg = Release|Any CPU
		{A3E92EDA-3FAC-4B65-BE3E-106A1BB1167C}.Release|Any CPU.Build.0 = Release|Any CPU
		{B15DCF7F-D3C8-4ED2-ADED-0743D5CF2377}.Debug|Any CPU.ActiveCfg = Debug|Any CPU
		{B15DCF7F-D3C8-4ED2-ADED-0743D5CF2377}.Debug|Any CPU.Build.0 = Debug|Any CPU
		{B15DCF7F-D3C8-4ED2-ADED-0743D5CF2377}.Release|Any CPU.ActiveCfg = Release|Any CPU
		{B15DCF7F-D3C8-4ED2-ADED-0743D5CF2377}.Release|Any CPU.Build.0 = Release|Any CPU
		{B3DD7F6D-49DE-42CE-97BA-F90F9820D126}.Debug|Any CPU.ActiveCfg = Debug|Any CPU
		{B3DD7F6D-49DE-42CE-97BA-F90F9820D126}.Debug|Any CPU.Build.0 = Debug|Any CPU
		{B3DD7F6D-49DE-42CE-97BA-F90F9820D126}.Release|Any CPU.ActiveCfg = Release|Any CPU
		{B3DD7F6D-49DE-42CE-97BA-F90F9820D126}.Release|Any CPU.Build.0 = Release|Any CPU
		{7C211878-D55B-444E-AFD0-4095A5B3573B}.Debug|Any CPU.ActiveCfg = Debug|Any CPU
		{7C211878-D55B-444E-AFD0-4095A5B3573B}.Debug|Any CPU.Build.0 = Debug|Any CPU
		{7C211878-D55B-444E-AFD0-4095A5B3573B}.Release|Any CPU.ActiveCfg = Release|Any CPU
		{7C211878-D55B-444E-AFD0-4095A5B3573B}.Release|Any CPU.Build.0 = Release|Any CPU
		{84D78612-38F6-4FE7-BAB1-4B94316D2299}.Debug|Any CPU.ActiveCfg = Debug|Any CPU
		{84D78612-38F6-4FE7-BAB1-4B94316D2299}.Debug|Any CPU.Build.0 = Debug|Any CPU
		{84D78612-38F6-4FE7-BAB1-4B94316D2299}.Release|Any CPU.ActiveCfg = Release|Any CPU
		{84D78612-38F6-4FE7-BAB1-4B94316D2299}.Release|Any CPU.Build.0 = Release|Any CPU
		{69C738C8-37D2-41DB-A8DE-00E38B22BCA6}.Debug|Any CPU.ActiveCfg = Debug|Any CPU
		{69C738C8-37D2-41DB-A8DE-00E38B22BCA6}.Debug|Any CPU.Build.0 = Debug|Any CPU
		{69C738C8-37D2-41DB-A8DE-00E38B22BCA6}.Release|Any CPU.ActiveCfg = Release|Any CPU
		{69C738C8-37D2-41DB-A8DE-00E38B22BCA6}.Release|Any CPU.Build.0 = Release|Any CPU
		{A1DA8260-60D7-4D47-A7FA-C83E727653D1}.Debug|Any CPU.ActiveCfg = Debug|Any CPU
		{A1DA8260-60D7-4D47-A7FA-C83E727653D1}.Debug|Any CPU.Build.0 = Debug|Any CPU
		{A1DA8260-60D7-4D47-A7FA-C83E727653D1}.Release|Any CPU.ActiveCfg = Release|Any CPU
		{A1DA8260-60D7-4D47-A7FA-C83E727653D1}.Release|Any CPU.Build.0 = Release|Any CPU
	EndGlobalSection
	GlobalSection(SolutionProperties) = preSolution
		HideSolutionNode = FALSE
	EndGlobalSection
	GlobalSection(NestedProjects) = preSolution
		{4620AFD8-78E5-4299-988C-9A3A7D71A9DA} = {4E6D1C9D-C1F7-43CF-99F7-9D610B3D1989}
		{60B5F66F-A08C-4ACC-AE50-1FE286829790} = {4E6D1C9D-C1F7-43CF-99F7-9D610B3D1989}
		{E0F57FD2-0666-42B5-95ED-14D155A47F38} = {4E6D1C9D-C1F7-43CF-99F7-9D610B3D1989}
		{CCC2B0E4-FD5D-49E0-9872-2EA0A720EB1B} = {4E6D1C9D-C1F7-43CF-99F7-9D610B3D1989}
		{65F0D284-7DD6-40DA-8B89-BDAA02326DF0} = {4E6D1C9D-C1F7-43CF-99F7-9D610B3D1989}
		{91CDCB6C-CCB1-4695-9C75-6D31D807C86F} = {4E6D1C9D-C1F7-43CF-99F7-9D610B3D1989}
		{C6EA6478-0A18-4D8F-B475-8370413C79BE} = {4E6D1C9D-C1F7-43CF-99F7-9D610B3D1989}
		{D4BB3324-E416-4C41-9FCB-1C1FDA5FE7E4} = {4E6D1C9D-C1F7-43CF-99F7-9D610B3D1989}
		{6E351A4C-C1E6-4EEB-A956-3E241CB377A9} = {179A3F19-19B0-4DE2-B843-83AF4241244A}
		{A3E92EDA-3FAC-4B65-BE3E-106A1BB1167C} = {179A3F19-19B0-4DE2-B843-83AF4241244A}
		{B15DCF7F-D3C8-4ED2-ADED-0743D5CF2377} = {179A3F19-19B0-4DE2-B843-83AF4241244A}
		{B3DD7F6D-49DE-42CE-97BA-F90F9820D126} = {179A3F19-19B0-4DE2-B843-83AF4241244A}
		{7C211878-D55B-444E-AFD0-4095A5B3573B} = {179A3F19-19B0-4DE2-B843-83AF4241244A}
		{69C738C8-37D2-41DB-A8DE-00E38B22BCA6} = {179A3F19-19B0-4DE2-B843-83AF4241244A}
		{A1DA8260-60D7-4D47-A7FA-C83E727653D1} = {4E6D1C9D-C1F7-43CF-99F7-9D610B3D1989}
	EndGlobalSection
	GlobalSection(ExtensibilityGlobals) = postSolution
		SolutionGuid = {7A76E21B-5855-4DA7-AAAE-4EBEE631CB3A}
	EndGlobalSection
EndGlobal
