
Microsoft Visual Studio Solution File, Format Version 12.00
# Visual Studio Version 16
VisualStudioVersion = 16.0.31005.135
MinimumVisualStudioVersion = 10.0.40219.1
Project("{9A19103F-16F7-4668-BE54-9A1E7A4F7556}") = "ExRam.Gremlinq.Samples", "ExRam.Gremlinq.Samples\ExRam.Gremlinq.Samples.csproj", "{334D0EDF-06BA-4085-A743-6110076E3CDC}"
EndProject
Project("{9A19103F-16F7-4668-BE54-9A1E7A4F7556}") = "ExRam.Gremlinq.Samples.Shared", "ExRam.Gremlinq.Samples.Shared\ExRam.Gremlinq.Samples.Shared.csproj", "{1A9435A4-2E8B-4089-B27E-EAD6D366E5F2}"
EndProject
Project("{9A19103F-16F7-4668-BE54-9A1E7A4F7556}") = "ExRam.Gremlinq.Samples.AspNet", "ExRam.Gremlinq.Samples.AspNet\ExRam.Gremlinq.Samples.AspNet.csproj", "{A4146878-4FA3-4B93-9F64-901F82FF56A7}"
EndProject
Global
	GlobalSection(SolutionConfigurationPlatforms) = preSolution
		Debug|Any CPU = Debug|Any CPU
		Release|Any CPU = Release|Any CPU
	EndGlobalSection
	GlobalSection(ProjectConfigurationPlatforms) = postSolution
		{334D0EDF-06BA-4085-A743-6110076E3CDC}.Debug|Any CPU.ActiveCfg = Debug|Any CPU
		{334D0EDF-06BA-4085-A743-6110076E3CDC}.Debug|Any CPU.Build.0 = Debug|Any CPU
		{334D0EDF-06BA-4085-A743-6110076E3CDC}.Release|Any CPU.ActiveCfg = Release|Any CPU
		{334D0EDF-06BA-4085-A743-6110076E3CDC}.Release|Any CPU.Build.0 = Release|Any CPU
		{1A9435A4-2E8B-4089-B27E-EAD6D366E5F2}.Debug|Any CPU.ActiveCfg = Debug|Any CPU
		{1A9435A4-2E8B-4089-B27E-EAD6D366E5F2}.Debug|Any CPU.Build.0 = Debug|Any CPU
		{1A9435A4-2E8B-4089-B27E-EAD6D366E5F2}.Release|Any CPU.ActiveCfg = Release|Any CPU
		{1A9435A4-2E8B-4089-B27E-EAD6D366E5F2}.Release|Any CPU.Build.0 = Release|Any CPU
		{A4146878-4FA3-4B93-9F64-901F82FF56A7}.Debug|Any CPU.ActiveCfg = Debug|Any CPU
		{A4146878-4FA3-4B93-9F64-901F82FF56A7}.Debug|Any CPU.Build.0 = Debug|Any CPU
		{A4146878-4FA3-4B93-9F64-901F82FF56A7}.Release|Any CPU.ActiveCfg = Release|Any CPU
		{A4146878-4FA3-4B93-9F64-901F82FF56A7}.Release|Any CPU.Build.0 = Release|Any CPU
	EndGlobalSection
	GlobalSection(SolutionProperties) = preSolution
		HideSolutionNode = FALSE
	EndGlobalSection
	GlobalSection(ExtensibilityGlobals) = postSolution
		SolutionGuid = {B5830A9B-3116-4DCB-9E8F-44016DF10892}
	EndGlobalSection
EndGlobal
