{
  "version": 2,
  "dependencies": {
    "net10.0": {
      "BenchmarkDotNet": {
        "type": "Direct",
        "requested": "[0.15.8, )",
        "resolved": "0.15.8",
        "contentHash": "paCfrWxSeHqn3rUZc0spYXVFnHCF0nzRhG0nOLnyTjZYs8spsimBaaNmb3vwqvALKIplbYq/TF393vYiYSnh/Q==",
        "dependencies": {
          "BenchmarkDotNet.Annotations": "0.15.8",
          "CommandLineParser": "2.9.1",
          "Gee.External.Capstone": "2.3.0",
          "Iced": "1.21.0",
          "Microsoft.CodeAnalysis.CSharp": "4.14.0",
          "Microsoft.Diagnostics.Runtime": "3.1.512801",
          "Microsoft.Diagnostics.Tracing.TraceEvent": "3.1.21",
          "Microsoft.DotNet.PlatformAbstractions": "3.1.6",
          "Perfolizer": "[0.6.1]",
          "System.Management": "9.0.5"
        }
      },
      "FluentAssertions": {
        "type": "Direct",
        "requested": "[7.2.2, 7.2.2]",
        "resolved": "7.2.2",
        "contentHash": "B6FJmtTadaqtLXH5qfn9hlYF5ruNOAdtjA9+1V3fuYp/MZzj7lB3Ys5cdgy72uv7w1GE5Y9PEX369UD3N1sfHg==",
        "dependencies": {
          "System.Configuration.ConfigurationManager": "6.0.0"
        }
      },
      "Microsoft.CodeAnalysis.CSharp": {
        "type": "Direct",
        "requested": "[5.3.0, )",
        "resolved": "5.3.0",
        "contentHash": "SQFNGQF4f7UfDXKxMzzGNMr3fjrPDIjLfmRvvVgDCw+dyvEHDaRfHuKA5q0Pr0/JW0Gcw89TxrxrS/MjwBvluQ==",
        "dependencies": {
          "Microsoft.CodeAnalysis.Analyzers": "5.3.0-2.25625.1",
          "Microsoft.CodeAnalysis.Common": "[5.3.0]"
        }
      },
      "Microsoft.Extensions.DependencyInjection": {
        "type": "Direct",
        "requested": "[10.0.9, )",
        "resolved": "10.0.9",
        "contentHash": "NijozhERJDIaJ4k5TSMy1jOi0cSC2HfkvRD/Sl+kGSSKgVbFnF4GxgtMN/MrzHB8D1JxIrD4xSer9Blh9v3axQ==",
        "dependencies": {
          "Microsoft.Extensions.DependencyInjection.Abstractions": "10.0.9"
        }
      },
      "NSubstitute": {
        "type": "Direct",
        "requested": "[5.3.0, )",
        "resolved": "5.3.0",
        "contentHash": "lJ47Cps5Qzr86N99lcwd+OUvQma7+fBgr8+Mn+aOC0WrlqMNkdivaYD9IvnZ5Mqo6Ky3LS7ZI+tUq1/s9ERd0Q==",
        "dependencies": {
          "Castle.Core": "5.1.1"
        }
      },
      "Verify.XunitV3": {
        "type": "Direct",
        "requested": "[31.17.0, )",
        "resolved": "31.17.0",
        "contentHash": "t56er1XbMlprMbfPGZlbCwkupxKDjSBDX6SjdCeGVEU4YsobnfRVvC3zus6OoDKTufjhD16bF1FdRAWF+km8XQ==",
        "dependencies": {
          "Argon": "0.34.0",
          "DiffEngine": "19.2.0",
          "Microsoft.Bcl.AsyncInterfaces": "10.0.8",
          "SimpleInfoName": "3.2.0",
          "Verify": "31.17.0",
          "xunit.v3.extensibility.core": "3.2.2"
        }
      },
      "Argon": {
        "type": "Transitive",
        "resolved": "0.34.0",
        "contentHash": "BZHO48GC2lBRlJpBI1Ld7POLClP9EEc0i6MQ4pqcWwDsfCu1YFLWVYmloduiivgDeEwBaHry4MIiZSlOfcNTMQ=="
      },
      "BenchmarkDotNet.Annotations": {
        "type": "Transitive",
        "resolved": "0.15.8",
        "contentHash": "hfucY0ycAsB0SsoaZcaAp9oq5wlWBJcylvEJb9pmvdYUx6PD6S4mDiYnZWjdjAlLhIpe/xtGCwzORfzAzPqvzA=="
      },
      "Castle.Core": {
        "type": "Transitive",
        "resolved": "5.1.1",
        "contentHash": "rpYtIczkzGpf+EkZgDr9CClTdemhsrwA/W5hMoPjLkRFnXzH44zDLoovXeKtmxb1ykXK9aJVODSpiJml8CTw2g==",
        "dependencies": {
          "System.Diagnostics.EventLog": "6.0.0"
        }
      },
      "CommandLineParser": {
        "type": "Transitive",
        "resolved": "2.9.1",
        "contentHash": "OE0sl1/sQ37bjVsPKKtwQlWDgqaxWgtme3xZz7JssWUzg5JpMIyHgCTY9MVMxOg48fJ1AgGT3tgdH5m/kQ5xhA=="
      },
      "CommunityToolkit.HighPerformance": {
        "type": "Transitive",
        "resolved": "8.4.2",
        "contentHash": "2hmtrrU18x6NL3mbuAqwy0KpnoEEJOuK6sH5RKQfD/jHijn2pqvqBUC7WGy9dgNBL9BDA7eOC0kirsNPMp2f4Q=="
      },
      "DiffEngine": {
        "type": "Transitive",
        "resolved": "19.2.0",
        "contentHash": "T6LKWC+YPNswK8hgZ+kYqsIeS75qd2loAFbyopOoLwN0zK/MIEGjKMdIIF46slQfDIveZU5Rj8Ur4lUxnXdahQ==",
        "dependencies": {
          "EmptyFiles": "8.18.1"
        }
      },
      "EmptyFiles": {
        "type": "Transitive",
        "resolved": "8.18.1",
        "contentHash": "5gA7ICU+CafaHJLbrL/lOEABwkmXS6089WoCbn+NkIul2ATAGGzQsD4cXOFmYmQp6b9Jd/f4bb2EK+14dY75Pw=="
      },
      "Gee.External.Capstone": {
        "type": "Transitive",
        "resolved": "2.3.0",
        "contentHash": "2ap/rYmjtzCOT8hxrnEW/QeiOt+paD8iRrIcdKX0cxVwWLFa1e+JDBNeECakmccXrSFeBQuu5AV8SNkipFMMMw=="
      },
      "Gremlin.Net": {
        "type": "Transitive",
        "resolved": "3.7.6",
        "contentHash": "ZMO3fPrsneZQnQc5ks1xbq66ZPuIVVkO2RBiQzhbPn2GENqh5JCQ16dHo1sjRV76m9VP/lYrsSsTFYYo8vZjYA==",
        "dependencies": {
          "Microsoft.Extensions.Logging.Abstractions": "8.0.2",
          "Polly": "8.5.1"
        }
      },
      "Iced": {
        "type": "Transitive",
        "resolved": "1.21.0",
        "contentHash": "dv5+81Q1TBQvVMSOOOmRcjJmvWcX3BZPZsIq31+RLc5cNft0IHAyNlkdb7ZarOWG913PyBoFDsDXoCIlKmLclg=="
      },
      "Microsoft.Bcl.AsyncInterfaces": {
        "type": "Transitive",
        "resolved": "10.0.8",
        "contentHash": "e+kYYRb0HmNo5FTOcjXkP0mIEFHEyygm4ea/iLWpdumsACzCH078nZMfnk6RQFmtSrnNbh654c8nNtmUSwQoow=="
      },
      "Microsoft.CodeAnalysis.Analyzers": {
        "type": "Transitive",
        "resolved": "5.3.0-2.25625.1",
        "contentHash": "4Yhh2fnu3G+J0J1lDc8WZVgMjgbynSeTfkl5IFJMFrmiIO0sc7Tjx+f3sFVV8Sd35PrIUWfof0RWc3lAMl7Azg=="
      },
      "Microsoft.CodeAnalysis.Common": {
        "type": "Transitive",
        "resolved": "5.3.0",
        "contentHash": "uC0qk3jzTQY7i90ehfnCqaOZpBUGJyPMiHJ3c0jOb8yaPBjWzIhVdNxPbeVzI74DB0C+YgBKPLqUkgFZzua5Mg==",
        "dependencies": {
          "Microsoft.CodeAnalysis.Analyzers": "5.3.0-2.25625.1"
        }
      },
      "Microsoft.Diagnostics.NETCore.Client": {
        "type": "Transitive",
        "resolved": "0.2.510501",
        "contentHash": "juoqJYMDs+lRrrZyOkXXMImJHneCF23cuvO4waFRd2Ds7j+ZuGIPbJm0Y/zz34BdeaGiiwGWraMUlln05W1PCQ==",
        "dependencies": {
          "Microsoft.Extensions.Logging": "6.0.0"
        }
      },
      "Microsoft.Diagnostics.Runtime": {
        "type": "Transitive",
        "resolved": "3.1.512801",
        "contentHash": "0lMUDr2oxNZa28D6NH5BuSQEe5T9tZziIkvkD44YkkCGQXPJqvFjLq5ZQq1hYLl3RjQJrY+hR0jFgap+EWPDTw==",
        "dependencies": {
          "Microsoft.Diagnostics.NETCore.Client": "0.2.410101"
        }
      },
      "Microsoft.Diagnostics.Tracing.TraceEvent": {
        "type": "Transitive",
        "resolved": "3.1.21",
        "contentHash": "/OrJFKaojSR6TkUKtwh8/qA9XWNtxLrXMqvEb89dBSKCWjaGVTbKMYodIUgF5deCEtmd6GXuRerciXGl5bhZ7Q==",
        "dependencies": {
          "Microsoft.Diagnostics.NETCore.Client": "0.2.510501",
          "System.Reflection.TypeExtensions": "4.7.0"
        }
      },
      "Microsoft.DotNet.PlatformAbstractions": {
        "type": "Transitive",
        "resolved": "3.1.6",
        "contentHash": "jek4XYaQ/PGUwDKKhwR8K47Uh1189PFzMeLqO83mXrXQVIpARZCcfuDedH50YDTepBkfijCZN5U/vZi++erxtg=="
      },
      "Microsoft.Extensions.DependencyInjection.Abstractions": {
        "type": "Transitive",
        "resolved": "10.0.9",
        "contentHash": "g41l/30G3K4B/d/L8kjux0+30e27c8D0FVQ/PFCpbekgfDpj9mnDhieP67EqXWvl1EWNeZh2rpR4F5B/jcDOHA=="
      },
      "Microsoft.Extensions.Logging": {
        "type": "Transitive",
        "resolved": "6.0.0",
        "contentHash": "eIbyj40QDg1NDz0HBW0S5f3wrLVnKWnDJ/JtZ+yJDFnDj90VoPuoPmFkeaXrtu+0cKm5GRAwoDf+dBWXK0TUdg==",
        "dependencies": {
          "Microsoft.Extensions.DependencyInjection": "6.0.0",
          "Microsoft.Extensions.DependencyInjection.Abstractions": "6.0.0",
          "Microsoft.Extensions.Logging.Abstractions": "6.0.0",
          "Microsoft.Extensions.Options": "6.0.0"
        }
      },
      "Microsoft.Extensions.Logging.Abstractions": {
        "type": "Transitive",
        "resolved": "8.0.2",
        "contentHash": "nroMDjS7hNBPtkZqVBbSiQaQjWRDxITI8Y7XnDs97rqG3EbzVTNLZQf7bIeUJcaHOV8bca47s1Uxq94+2oGdxA==",
        "dependencies": {
          "Microsoft.Extensions.DependencyInjection.Abstractions": "8.0.2"
        }
      },
      "Microsoft.Extensions.Options": {
        "type": "Transitive",
        "resolved": "6.0.0",
        "contentHash": "dzXN0+V1AyjOe2xcJ86Qbo233KHuLEY0njf/P2Kw8SfJU+d45HNS2ctJdnEnrWbM9Ye2eFgaC5Mj9otRMU6IsQ==",
        "dependencies": {
          "Microsoft.Extensions.DependencyInjection.Abstractions": "6.0.0",
          "Microsoft.Extensions.Primitives": "6.0.0"
        }
      },
      "Microsoft.Extensions.Primitives": {
        "type": "Transitive",
        "resolved": "6.0.0",
        "contentHash": "9+PnzmQFfEFNR9J2aDTfJGGupShHjOuGw4VUv+JB044biSHrnmCIMD+mJHmb2H7YryrfBEXDurxQ47gJZdCKNQ=="
      },
      "Microsoft.Win32.SystemEvents": {
        "type": "Transitive",
        "resolved": "6.0.0",
        "contentHash": "hqTM5628jSsQiv+HGpiq3WKBl2c8v1KZfby2J6Pr7pEPlK9waPdgEO6b8A/+/xn/yZ9ulv8HuqK71ONy2tg67A=="
      },
      "Perfolizer": {
        "type": "Transitive",
        "resolved": "0.6.1",
        "contentHash": "CR1QmWg4XYBd1Pb7WseP+sDmV8nGPwvmowKynExTqr3OuckIGVMhvmN4LC5PGzfXqDlR295+hz/T7syA1CxEqA==",
        "dependencies": {
          "Pragmastat": "3.2.4"
        }
      },
      "Polly": {
        "type": "Transitive",
        "resolved": "8.5.1",
        "contentHash": "/kMFDkE3Tl6rKA1o+JJZ+r3ij8kHVRkIcHhx2fjvoTDl6risPH3KfCb0g9tfFni4qUbcPqkhDNcb0EvMPpyRKw==",
        "dependencies": {
          "Polly.Core": "8.5.1"
        }
      },
      "Polly.Core": {
        "type": "Transitive",
        "resolved": "8.5.1",
        "contentHash": "47BFjJJhlfSrwLgKoouCJYOYd+IRtFSrvaI9/QL3hbs6qGRtByw7D3QBVnGiDPNNSZ7oHfE7Fm/QIg/gd2ypWw=="
      },
      "Pragmastat": {
        "type": "Transitive",
        "resolved": "3.2.4",
        "contentHash": "I5qFifWw/gaTQT52MhzjZpkm/JPlfjSeO/DTZJjO7+hTKI+0aGRgOgZ3NN6D96dDuuqbIAZSeA5RimtHjqrA2A=="
      },
      "SimpleInfoName": {
        "type": "Transitive",
        "resolved": "3.2.0",
        "contentHash": "K8ivHRbPWfncijk62Dan/r/z55gwq3aFzqB6yFlD9X0bbpIaacHyHH2cpcIdz0FECUpERUZTwxts0z4gRWpQpA=="
      },
      "System.CodeDom": {
        "type": "Transitive",
        "resolved": "9.0.5",
        "contentHash": "cuzLM2MWutf9ZBEMPYYfd0DXwYdvntp7VCT6a/wvbKCa2ZuvGmW74xi+YBa2mrfEieAXqM4TNKlMmSnfAfpUoQ=="
      },
      "System.Configuration.ConfigurationManager": {
        "type": "Transitive",
        "resolved": "6.0.0",
        "contentHash": "7T+m0kDSlIPTHIkPMIu6m6tV6qsMqJpvQWW2jIc2qi7sn40qxFo0q+7mEQAhMPXZHMKnWrnv47ntGlM/ejvw3g==",
        "dependencies": {
          "System.Security.Cryptography.ProtectedData": "6.0.0",
          "System.Security.Permissions": "6.0.0"
        }
      },
      "System.Diagnostics.EventLog": {
        "type": "Transitive",
        "resolved": "6.0.0",
        "contentHash": "lcyUiXTsETK2ALsZrX+nWuHSIQeazhqPphLfaRxzdGaG93+0kELqpgEHtwWOlQe7+jSFnKwaCAgL4kjeZCQJnw=="
      },
      "System.Drawing.Common": {
        "type": "Transitive",
        "resolved": "6.0.0",
        "contentHash": "NfuoKUiP2nUWwKZN6twGqXioIe1zVD0RIj2t976A+czLHr2nY454RwwXs6JU9Htc6mwqL6Dn/nEL3dpVf2jOhg==",
        "dependencies": {
          "Microsoft.Win32.SystemEvents": "6.0.0"
        }
      },
      "System.Management": {
        "type": "Transitive",
        "resolved": "9.0.5",
        "contentHash": "n6o9PZm9p25+zAzC3/48K0oHnaPKTInRrxqFq1fi/5TPbMLjuoCm/h//mS3cUmSy+9AO1Z+qsC/Ilt/ZFatv5Q==",
        "dependencies": {
          "System.CodeDom": "9.0.5"
        }
      },
      "System.Reflection.TypeExtensions": {
        "type": "Transitive",
        "resolved": "4.7.0",
        "contentHash": "VybpaOQQhqE6siHppMktjfGBw1GCwvCqiufqmP8F1nj7fTUNtW35LOEt3UZTEsECfo+ELAl/9o9nJx3U91i7vA=="
      },
      "System.Security.Cryptography.ProtectedData": {
        "type": "Transitive",
        "resolved": "6.0.0",
        "contentHash": "rp1gMNEZpvx9vP0JW0oHLxlf8oSiQgtno77Y4PLUBjSiDYoD77Y8uXHr1Ea5XG4/pIKhqAdxZ8v8OTUtqo9PeQ=="
      },
      "System.Security.Permissions": {
        "type": "Transitive",
        "resolved": "6.0.0",
        "contentHash": "T/uuc7AklkDoxmcJ7LGkyX1CcSviZuLCa4jg3PekfJ7SU0niF0IVTXwUiNVP9DSpzou2PpxJ+eNY2IfDM90ZCg==",
        "dependencies": {
          "System.Windows.Extensions": "6.0.0"
        }
      },
      "System.Windows.Extensions": {
        "type": "Transitive",
        "resolved": "6.0.0",
        "contentHash": "IXoJOXIqc39AIe+CIR7koBtRGMiCt/LPM3lI+PELtDIy9XdyeSrwXFdWV9dzJ2Awl0paLWUaknLxFQ5HpHZUog==",
        "dependencies": {
          "System.Drawing.Common": "6.0.0"
        }
      },
      "Verify": {
        "type": "Transitive",
        "resolved": "31.17.0",
        "contentHash": "xgVXJ7Bqy1P9VMb4kMvzODnG8/G7ZKZ0KAzSU08YijXZEFYTwANmFlvyFikDVeLEzDVu5yzDuQqlDI5BN/cweA==",
        "dependencies": {
          "Argon": "0.34.0",
          "DiffEngine": "19.2.0",
          "SimpleInfoName": "3.2.0"
        }
      },
      "xunit.v3.common": {
        "type": "Transitive",
        "resolved": "3.2.2",
        "contentHash": "Hj775PEH6GTbbg0wfKRvG2hNspDCvTH9irXhH4qIWgdrOSV1sQlqPie+DOvFeigsFg2fxSM3ZAaaCDQs+KreFA==",
        "dependencies": {
          "Microsoft.Bcl.AsyncInterfaces": "6.0.0"
        }
      },
      "xunit.v3.extensibility.core": {
        "type": "Transitive",
        "resolved": "3.2.2",
        "contentHash": "srY8z/oMPvh/t8axtO2DwrHajhFMH7tnqKildvYrVQIfICi8fOn3yIBWkVPAcrKmHMwvXRJ/XsQM3VMR6DOYfQ==",
        "dependencies": {
          "xunit.v3.common": "[3.2.2]"
        }
      },
      "exram.gremlinq.core": {
        "type": "Project",
        "dependencies": {
          "CommunityToolkit.HighPerformance": "[8.4.2, )",
          "Gremlin.Net": "[3.7.6, )"
        }
      },
      "exram.gremlinq.providers.core": {
        "type": "Project",
        "dependencies": {
          "ExRam.Gremlinq.Core": "[1.0.0, )"
        }
      },
      "exram.gremlinq.tests.entities": {
        "type": "Project",
        "dependencies": {
          "ExRam.Gremlinq.Core": "[1.0.0, )",
          "FluentAssertions": "[7.2.2, 7.2.2]",
          "NSubstitute": "[5.3.0, )",
          "Verify.XunitV3": "[31.17.0, )"
        }
      }
    },
    "net8.0": {
      "BenchmarkDotNet": {
        "type": "Direct",
        "requested": "[0.15.8, )",
        "resolved": "0.15.8",
        "contentHash": "paCfrWxSeHqn3rUZc0spYXVFnHCF0nzRhG0nOLnyTjZYs8spsimBaaNmb3vwqvALKIplbYq/TF393vYiYSnh/Q==",
        "dependencies": {
          "BenchmarkDotNet.Annotations": "0.15.8",
          "CommandLineParser": "2.9.1",
          "Gee.External.Capstone": "2.3.0",
          "Iced": "1.21.0",
          "Microsoft.CodeAnalysis.CSharp": "4.14.0",
          "Microsoft.Diagnostics.Runtime": "3.1.512801",
          "Microsoft.Diagnostics.Tracing.TraceEvent": "3.1.21",
          "Microsoft.DotNet.PlatformAbstractions": "3.1.6",
          "Perfolizer": "[0.6.1]",
          "System.Management": "9.0.5"
        }
      },
      "FluentAssertions": {
        "type": "Direct",
        "requested": "[7.2.2, 7.2.2]",
        "resolved": "7.2.2",
        "contentHash": "B6FJmtTadaqtLXH5qfn9hlYF5ruNOAdtjA9+1V3fuYp/MZzj7lB3Ys5cdgy72uv7w1GE5Y9PEX369UD3N1sfHg==",
        "dependencies": {
          "System.Configuration.ConfigurationManager": "6.0.0"
        }
      },
      "Microsoft.CodeAnalysis.CSharp": {
        "type": "Direct",
        "requested": "[5.3.0, )",
        "resolved": "5.3.0",
        "contentHash": "SQFNGQF4f7UfDXKxMzzGNMr3fjrPDIjLfmRvvVgDCw+dyvEHDaRfHuKA5q0Pr0/JW0Gcw89TxrxrS/MjwBvluQ==",
        "dependencies": {
          "Microsoft.CodeAnalysis.Analyzers": "5.3.0-2.25625.1",
          "Microsoft.CodeAnalysis.Common": "[5.3.0]",
          "System.Collections.Immutable": "9.0.0",
          "System.Reflection.Metadata": "9.0.0"
        }
      },
      "Microsoft.Extensions.DependencyInjection": {
        "type": "Direct",
        "requested": "[10.0.9, )",
        "resolved": "10.0.9",
        "contentHash": "NijozhERJDIaJ4k5TSMy1jOi0cSC2HfkvRD/Sl+kGSSKgVbFnF4GxgtMN/MrzHB8D1JxIrD4xSer9Blh9v3axQ==",
        "dependencies": {
          "Microsoft.Extensions.DependencyInjection.Abstractions": "10.0.9"
        }
      },
      "NSubstitute": {
        "type": "Direct",
        "requested": "[5.3.0, )",
        "resolved": "5.3.0",
        "contentHash": "lJ47Cps5Qzr86N99lcwd+OUvQma7+fBgr8+Mn+aOC0WrlqMNkdivaYD9IvnZ5Mqo6Ky3LS7ZI+tUq1/s9ERd0Q==",
        "dependencies": {
          "Castle.Core": "5.1.1"
        }
      },
      "Verify.XunitV3": {
        "type": "Direct",
        "requested": "[31.17.0, )",
        "resolved": "31.17.0",
        "contentHash": "t56er1XbMlprMbfPGZlbCwkupxKDjSBDX6SjdCeGVEU4YsobnfRVvC3zus6OoDKTufjhD16bF1FdRAWF+km8XQ==",
        "dependencies": {
          "Argon": "0.34.0",
          "DiffEngine": "19.2.0",
          "Microsoft.Bcl.AsyncInterfaces": "10.0.8",
          "SimpleInfoName": "3.2.0",
          "Verify": "31.17.0",
          "xunit.v3.extensibility.core": "3.2.2"
        }
      },
      "Argon": {
        "type": "Transitive",
        "resolved": "0.34.0",
        "contentHash": "BZHO48GC2lBRlJpBI1Ld7POLClP9EEc0i6MQ4pqcWwDsfCu1YFLWVYmloduiivgDeEwBaHry4MIiZSlOfcNTMQ=="
      },
      "BenchmarkDotNet.Annotations": {
        "type": "Transitive",
        "resolved": "0.15.8",
        "contentHash": "hfucY0ycAsB0SsoaZcaAp9oq5wlWBJcylvEJb9pmvdYUx6PD6S4mDiYnZWjdjAlLhIpe/xtGCwzORfzAzPqvzA=="
      },
      "Castle.Core": {
        "type": "Transitive",
        "resolved": "5.1.1",
        "contentHash": "rpYtIczkzGpf+EkZgDr9CClTdemhsrwA/W5hMoPjLkRFnXzH44zDLoovXeKtmxb1ykXK9aJVODSpiJml8CTw2g==",
        "dependencies": {
          "System.Diagnostics.EventLog": "6.0.0"
        }
      },
      "CommandLineParser": {
        "type": "Transitive",
        "resolved": "2.9.1",
        "contentHash": "OE0sl1/sQ37bjVsPKKtwQlWDgqaxWgtme3xZz7JssWUzg5JpMIyHgCTY9MVMxOg48fJ1AgGT3tgdH5m/kQ5xhA=="
      },
      "CommunityToolkit.HighPerformance": {
        "type": "Transitive",
        "resolved": "8.4.2",
        "contentHash": "2hmtrrU18x6NL3mbuAqwy0KpnoEEJOuK6sH5RKQfD/jHijn2pqvqBUC7WGy9dgNBL9BDA7eOC0kirsNPMp2f4Q=="
      },
      "DiffEngine": {
        "type": "Transitive",
        "resolved": "19.2.0",
        "contentHash": "T6LKWC+YPNswK8hgZ+kYqsIeS75qd2loAFbyopOoLwN0zK/MIEGjKMdIIF46slQfDIveZU5Rj8Ur4lUxnXdahQ==",
        "dependencies": {
          "EmptyFiles": "8.18.1"
        }
      },
      "EmptyFiles": {
        "type": "Transitive",
        "resolved": "8.18.1",
        "contentHash": "5gA7ICU+CafaHJLbrL/lOEABwkmXS6089WoCbn+NkIul2ATAGGzQsD4cXOFmYmQp6b9Jd/f4bb2EK+14dY75Pw=="
      },
      "Gee.External.Capstone": {
        "type": "Transitive",
        "resolved": "2.3.0",
        "contentHash": "2ap/rYmjtzCOT8hxrnEW/QeiOt+paD8iRrIcdKX0cxVwWLFa1e+JDBNeECakmccXrSFeBQuu5AV8SNkipFMMMw=="
      },
      "Gremlin.Net": {
        "type": "Transitive",
        "resolved": "3.7.6",
        "contentHash": "ZMO3fPrsneZQnQc5ks1xbq66ZPuIVVkO2RBiQzhbPn2GENqh5JCQ16dHo1sjRV76m9VP/lYrsSsTFYYo8vZjYA==",
        "dependencies": {
          "Microsoft.Extensions.Logging.Abstractions": "8.0.2",
          "Polly": "8.5.1"
        }
      },
      "Iced": {
        "type": "Transitive",
        "resolved": "1.21.0",
        "contentHash": "dv5+81Q1TBQvVMSOOOmRcjJmvWcX3BZPZsIq31+RLc5cNft0IHAyNlkdb7ZarOWG913PyBoFDsDXoCIlKmLclg=="
      },
      "Microsoft.Bcl.AsyncInterfaces": {
        "type": "Transitive",
        "resolved": "10.0.8",
        "contentHash": "e+kYYRb0HmNo5FTOcjXkP0mIEFHEyygm4ea/iLWpdumsACzCH078nZMfnk6RQFmtSrnNbh654c8nNtmUSwQoow=="
      },
      "Microsoft.CodeAnalysis.Analyzers": {
        "type": "Transitive",
        "resolved": "5.3.0-2.25625.1",
        "contentHash": "4Yhh2fnu3G+J0J1lDc8WZVgMjgbynSeTfkl5IFJMFrmiIO0sc7Tjx+f3sFVV8Sd35PrIUWfof0RWc3lAMl7Azg=="
      },
      "Microsoft.CodeAnalysis.Common": {
        "type": "Transitive",
        "resolved": "5.3.0",
        "contentHash": "uC0qk3jzTQY7i90ehfnCqaOZpBUGJyPMiHJ3c0jOb8yaPBjWzIhVdNxPbeVzI74DB0C+YgBKPLqUkgFZzua5Mg==",
        "dependencies": {
          "Microsoft.CodeAnalysis.Analyzers": "5.3.0-2.25625.1",
          "System.Collections.Immutable": "9.0.0",
          "System.Reflection.Metadata": "9.0.0"
        }
      },
      "Microsoft.Diagnostics.NETCore.Client": {
        "type": "Transitive",
        "resolved": "0.2.510501",
        "contentHash": "juoqJYMDs+lRrrZyOkXXMImJHneCF23cuvO4waFRd2Ds7j+ZuGIPbJm0Y/zz34BdeaGiiwGWraMUlln05W1PCQ==",
        "dependencies": {
          "Microsoft.Extensions.Logging": "6.0.0"
        }
      },
      "Microsoft.Diagnostics.Runtime": {
        "type": "Transitive",
        "resolved": "3.1.512801",
        "contentHash": "0lMUDr2oxNZa28D6NH5BuSQEe5T9tZziIkvkD44YkkCGQXPJqvFjLq5ZQq1hYLl3RjQJrY+hR0jFgap+EWPDTw==",
        "dependencies": {
          "Microsoft.Diagnostics.NETCore.Client": "0.2.410101"
        }
      },
      "Microsoft.Diagnostics.Tracing.TraceEvent": {
        "type": "Transitive",
        "resolved": "3.1.21",
        "contentHash": "/OrJFKaojSR6TkUKtwh8/qA9XWNtxLrXMqvEb89dBSKCWjaGVTbKMYodIUgF5deCEtmd6GXuRerciXGl5bhZ7Q==",
        "dependencies": {
          "Microsoft.Diagnostics.NETCore.Client": "0.2.510501"
        }
      },
      "Microsoft.DotNet.PlatformAbstractions": {
        "type": "Transitive",
        "resolved": "3.1.6",
        "contentHash": "jek4XYaQ/PGUwDKKhwR8K47Uh1189PFzMeLqO83mXrXQVIpARZCcfuDedH50YDTepBkfijCZN5U/vZi++erxtg=="
      },
      "Microsoft.Extensions.DependencyInjection.Abstractions": {
        "type": "Transitive",
        "resolved": "10.0.9",
        "contentHash": "g41l/30G3K4B/d/L8kjux0+30e27c8D0FVQ/PFCpbekgfDpj9mnDhieP67EqXWvl1EWNeZh2rpR4F5B/jcDOHA=="
      },
      "Microsoft.Extensions.Logging": {
        "type": "Transitive",
        "resolved": "6.0.0",
        "contentHash": "eIbyj40QDg1NDz0HBW0S5f3wrLVnKWnDJ/JtZ+yJDFnDj90VoPuoPmFkeaXrtu+0cKm5GRAwoDf+dBWXK0TUdg==",
        "dependencies": {
          "Microsoft.Extensions.DependencyInjection": "6.0.0",
          "Microsoft.Extensions.DependencyInjection.Abstractions": "6.0.0",
          "Microsoft.Extensions.Logging.Abstractions": "6.0.0",
          "Microsoft.Extensions.Options": "6.0.0"
        }
      },
      "Microsoft.Extensions.Logging.Abstractions": {
        "type": "Transitive",
        "resolved": "8.0.2",
        "contentHash": "nroMDjS7hNBPtkZqVBbSiQaQjWRDxITI8Y7XnDs97rqG3EbzVTNLZQf7bIeUJcaHOV8bca47s1Uxq94+2oGdxA==",
        "dependencies": {
          "Microsoft.Extensions.DependencyInjection.Abstractions": "8.0.2"
        }
      },
      "Microsoft.Extensions.Options": {
        "type": "Transitive",
        "resolved": "6.0.0",
        "contentHash": "dzXN0+V1AyjOe2xcJ86Qbo233KHuLEY0njf/P2Kw8SfJU+d45HNS2ctJdnEnrWbM9Ye2eFgaC5Mj9otRMU6IsQ==",
        "dependencies": {
          "Microsoft.Extensions.DependencyInjection.Abstractions": "6.0.0",
          "Microsoft.Extensions.Primitives": "6.0.0"
        }
      },
      "Microsoft.Extensions.Primitives": {
        "type": "Transitive",
        "resolved": "6.0.0",
        "contentHash": "9+PnzmQFfEFNR9J2aDTfJGGupShHjOuGw4VUv+JB044biSHrnmCIMD+mJHmb2H7YryrfBEXDurxQ47gJZdCKNQ=="
      },
      "Microsoft.Win32.SystemEvents": {
        "type": "Transitive",
        "resolved": "6.0.0",
        "contentHash": "hqTM5628jSsQiv+HGpiq3WKBl2c8v1KZfby2J6Pr7pEPlK9waPdgEO6b8A/+/xn/yZ9ulv8HuqK71ONy2tg67A=="
      },
      "Perfolizer": {
        "type": "Transitive",
        "resolved": "0.6.1",
        "contentHash": "CR1QmWg4XYBd1Pb7WseP+sDmV8nGPwvmowKynExTqr3OuckIGVMhvmN4LC5PGzfXqDlR295+hz/T7syA1CxEqA==",
        "dependencies": {
          "Pragmastat": "3.2.4"
        }
      },
      "Polly": {
        "type": "Transitive",
        "resolved": "8.5.1",
        "contentHash": "/kMFDkE3Tl6rKA1o+JJZ+r3ij8kHVRkIcHhx2fjvoTDl6risPH3KfCb0g9tfFni4qUbcPqkhDNcb0EvMPpyRKw==",
        "dependencies": {
          "Polly.Core": "8.5.1"
        }
      },
      "Polly.Core": {
        "type": "Transitive",
        "resolved": "8.5.1",
        "contentHash": "47BFjJJhlfSrwLgKoouCJYOYd+IRtFSrvaI9/QL3hbs6qGRtByw7D3QBVnGiDPNNSZ7oHfE7Fm/QIg/gd2ypWw=="
      },
      "Pragmastat": {
        "type": "Transitive",
        "resolved": "3.2.4",
        "contentHash": "I5qFifWw/gaTQT52MhzjZpkm/JPlfjSeO/DTZJjO7+hTKI+0aGRgOgZ3NN6D96dDuuqbIAZSeA5RimtHjqrA2A=="
      },
      "SimpleInfoName": {
        "type": "Transitive",
        "resolved": "3.2.0",
        "contentHash": "K8ivHRbPWfncijk62Dan/r/z55gwq3aFzqB6yFlD9X0bbpIaacHyHH2cpcIdz0FECUpERUZTwxts0z4gRWpQpA=="
      },
      "System.CodeDom": {
        "type": "Transitive",
        "resolved": "9.0.5",
        "contentHash": "cuzLM2MWutf9ZBEMPYYfd0DXwYdvntp7VCT6a/wvbKCa2ZuvGmW74xi+YBa2mrfEieAXqM4TNKlMmSnfAfpUoQ=="
      },
      "System.Collections.Immutable": {
        "type": "Transitive",
        "resolved": "9.0.0",
        "contentHash": "QhkXUl2gNrQtvPmtBTQHb0YsUrDiDQ2QS09YbtTTiSjGcf7NBqtYbrG/BE06zcBPCKEwQGzIv13IVdXNOSub2w=="
      },
      "System.Configuration.ConfigurationManager": {
        "type": "Transitive",
        "resolved": "6.0.0",
        "contentHash": "7T+m0kDSlIPTHIkPMIu6m6tV6qsMqJpvQWW2jIc2qi7sn40qxFo0q+7mEQAhMPXZHMKnWrnv47ntGlM/ejvw3g==",
        "dependencies": {
          "System.Security.Cryptography.ProtectedData": "6.0.0",
          "System.Security.Permissions": "6.0.0"
        }
      },
      "System.Diagnostics.EventLog": {
        "type": "Transitive",
        "resolved": "6.0.0",
        "contentHash": "lcyUiXTsETK2ALsZrX+nWuHSIQeazhqPphLfaRxzdGaG93+0kELqpgEHtwWOlQe7+jSFnKwaCAgL4kjeZCQJnw=="
      },
      "System.Drawing.Common": {
        "type": "Transitive",
        "resolved": "6.0.0",
        "contentHash": "NfuoKUiP2nUWwKZN6twGqXioIe1zVD0RIj2t976A+czLHr2nY454RwwXs6JU9Htc6mwqL6Dn/nEL3dpVf2jOhg==",
        "dependencies": {
          "Microsoft.Win32.SystemEvents": "6.0.0"
        }
      },
      "System.IO.Pipelines": {
        "type": "Transitive",
        "resolved": "9.0.10",
        "contentHash": "lwI0mhHcCxMtNSxB5ate9Gc9petWovRBUprtjz2yiIDDZPGBIaUiqNzQHJzjPuzTnvNbEMilpAXjDguKsU/2Fg=="
      },
      "System.Management": {
        "type": "Transitive",
        "resolved": "9.0.5",
        "contentHash": "n6o9PZm9p25+zAzC3/48K0oHnaPKTInRrxqFq1fi/5TPbMLjuoCm/h//mS3cUmSy+9AO1Z+qsC/Ilt/ZFatv5Q==",
        "dependencies": {
          "System.CodeDom": "9.0.5"
        }
      },
      "System.Reflection.Metadata": {
        "type": "Transitive",
        "resolved": "9.0.0",
        "contentHash": "ANiqLu3DxW9kol/hMmTWbt3414t9ftdIuiIU7j80okq2YzAueo120M442xk1kDJWtmZTqWQn7wHDvMRipVOEOQ==",
        "dependencies": {
          "System.Collections.Immutable": "9.0.0"
        }
      },
      "System.Security.Cryptography.ProtectedData": {
        "type": "Transitive",
        "resolved": "6.0.0",
        "contentHash": "rp1gMNEZpvx9vP0JW0oHLxlf8oSiQgtno77Y4PLUBjSiDYoD77Y8uXHr1Ea5XG4/pIKhqAdxZ8v8OTUtqo9PeQ=="
      },
      "System.Security.Permissions": {
        "type": "Transitive",
        "resolved": "6.0.0",
        "contentHash": "T/uuc7AklkDoxmcJ7LGkyX1CcSviZuLCa4jg3PekfJ7SU0niF0IVTXwUiNVP9DSpzou2PpxJ+eNY2IfDM90ZCg==",
        "dependencies": {
          "System.Windows.Extensions": "6.0.0"
        }
      },
      "System.Text.Encodings.Web": {
        "type": "Transitive",
        "resolved": "9.0.10",
        "contentHash": "znmiJFUa0GGwq7t6ShUKBDRlPsNJaudNFI7rVeyGnRBhiRMegBvu2GRcadThP/QX/a5UpGgZbe6tolDooobj/Q=="
      },
      "System.Text.Json": {
        "type": "Transitive",
        "resolved": "9.0.10",
        "contentHash": "XM02ZBnzxk7Ti6l9YRy8Bp639wANqJzJzw4W4VYiCh+HXY9hBOWkGB4k89OLP/s/RxgM02P4a/mWcJTgFiLf1Q==",
        "dependencies": {
          "System.IO.Pipelines": "9.0.10",
          "System.Text.Encodings.Web": "9.0.10"
        }
      },
      "System.Windows.Extensions": {
        "type": "Transitive",
        "resolved": "6.0.0",
        "contentHash": "IXoJOXIqc39AIe+CIR7koBtRGMiCt/LPM3lI+PELtDIy9XdyeSrwXFdWV9dzJ2Awl0paLWUaknLxFQ5HpHZUog==",
        "dependencies": {
          "System.Drawing.Common": "6.0.0"
        }
      },
      "Verify": {
        "type": "Transitive",
        "resolved": "31.17.0",
        "contentHash": "xgVXJ7Bqy1P9VMb4kMvzODnG8/G7ZKZ0KAzSU08YijXZEFYTwANmFlvyFikDVeLEzDVu5yzDuQqlDI5BN/cweA==",
        "dependencies": {
          "Argon": "0.34.0",
          "DiffEngine": "19.2.0",
          "SimpleInfoName": "3.2.0"
        }
      },
      "xunit.v3.common": {
        "type": "Transitive",
        "resolved": "3.2.2",
        "contentHash": "Hj775PEH6GTbbg0wfKRvG2hNspDCvTH9irXhH4qIWgdrOSV1sQlqPie+DOvFeigsFg2fxSM3ZAaaCDQs+KreFA==",
        "dependencies": {
          "Microsoft.Bcl.AsyncInterfaces": "6.0.0"
        }
      },
      "xunit.v3.extensibility.core": {
        "type": "Transitive",
        "resolved": "3.2.2",
        "contentHash": "srY8z/oMPvh/t8axtO2DwrHajhFMH7tnqKildvYrVQIfICi8fOn3yIBWkVPAcrKmHMwvXRJ/XsQM3VMR6DOYfQ==",
        "dependencies": {
          "xunit.v3.common": "[3.2.2]"
        }
      },
      "exram.gremlinq.core": {
        "type": "Project",
        "dependencies": {
          "CommunityToolkit.HighPerformance": "[8.4.2, )",
          "Gremlin.Net": "[3.7.6, )",
          "System.Text.Json": "[9.0.10, )"
        }
      },
      "exram.gremlinq.providers.core": {
        "type": "Project",
        "dependencies": {
          "ExRam.Gremlinq.Core": "[1.0.0, )"
        }
      },
      "exram.gremlinq.tests.entities": {
        "type": "Project",
        "dependencies": {
          "ExRam.Gremlinq.Core": "[1.0.0, )",
          "FluentAssertions": "[7.2.2, 7.2.2]",
          "NSubstitute": "[5.3.0, )",
          "Verify.XunitV3": "[31.17.0, )"
        }
      }
    },
    "net9.0": {
      "BenchmarkDotNet": {
        "type": "Direct",
        "requested": "[0.15.8, )",
        "resolved": "0.15.8",
        "contentHash": "paCfrWxSeHqn3rUZc0spYXVFnHCF0nzRhG0nOLnyTjZYs8spsimBaaNmb3vwqvALKIplbYq/TF393vYiYSnh/Q==",
        "dependencies": {
          "BenchmarkDotNet.Annotations": "0.15.8",
          "CommandLineParser": "2.9.1",
          "Gee.External.Capstone": "2.3.0",
          "Iced": "1.21.0",
          "Microsoft.CodeAnalysis.CSharp": "4.14.0",
          "Microsoft.Diagnostics.Runtime": "3.1.512801",
          "Microsoft.Diagnostics.Tracing.TraceEvent": "3.1.21",
          "Microsoft.DotNet.PlatformAbstractions": "3.1.6",
          "Perfolizer": "[0.6.1]",
          "System.Management": "9.0.5"
        }
      },
      "FluentAssertions": {
        "type": "Direct",
        "requested": "[7.2.2, 7.2.2]",
        "resolved": "7.2.2",
        "contentHash": "B6FJmtTadaqtLXH5qfn9hlYF5ruNOAdtjA9+1V3fuYp/MZzj7lB3Ys5cdgy72uv7w1GE5Y9PEX369UD3N1sfHg==",
        "dependencies": {
          "System.Configuration.ConfigurationManager": "6.0.0"
        }
      },
      "Microsoft.CodeAnalysis.CSharp": {
        "type": "Direct",
        "requested": "[5.3.0, )",
        "resolved": "5.3.0",
        "contentHash": "SQFNGQF4f7UfDXKxMzzGNMr3fjrPDIjLfmRvvVgDCw+dyvEHDaRfHuKA5q0Pr0/JW0Gcw89TxrxrS/MjwBvluQ==",
        "dependencies": {
          "Microsoft.CodeAnalysis.Analyzers": "5.3.0-2.25625.1",
          "Microsoft.CodeAnalysis.Common": "[5.3.0]"
        }
      },
      "Microsoft.Extensions.DependencyInjection": {
        "type": "Direct",
        "requested": "[10.0.9, )",
        "resolved": "10.0.9",
        "contentHash": "NijozhERJDIaJ4k5TSMy1jOi0cSC2HfkvRD/Sl+kGSSKgVbFnF4GxgtMN/MrzHB8D1JxIrD4xSer9Blh9v3axQ==",
        "dependencies": {
          "Microsoft.Extensions.DependencyInjection.Abstractions": "10.0.9"
        }
      },
      "NSubstitute": {
        "type": "Direct",
        "requested": "[5.3.0, )",
        "resolved": "5.3.0",
        "contentHash": "lJ47Cps5Qzr86N99lcwd+OUvQma7+fBgr8+Mn+aOC0WrlqMNkdivaYD9IvnZ5Mqo6Ky3LS7ZI+tUq1/s9ERd0Q==",
        "dependencies": {
          "Castle.Core": "5.1.1"
        }
      },
      "Verify.XunitV3": {
        "type": "Direct",
        "requested": "[31.17.0, )",
        "resolved": "31.17.0",
        "contentHash": "t56er1XbMlprMbfPGZlbCwkupxKDjSBDX6SjdCeGVEU4YsobnfRVvC3zus6OoDKTufjhD16bF1FdRAWF+km8XQ==",
        "dependencies": {
          "Argon": "0.34.0",
          "DiffEngine": "19.2.0",
          "Microsoft.Bcl.AsyncInterfaces": "10.0.8",
          "SimpleInfoName": "3.2.0",
          "Verify": "31.17.0",
          "xunit.v3.extensibility.core": "3.2.2"
        }
      },
      "Argon": {
        "type": "Transitive",
        "resolved": "0.34.0",
        "contentHash": "BZHO48GC2lBRlJpBI1Ld7POLClP9EEc0i6MQ4pqcWwDsfCu1YFLWVYmloduiivgDeEwBaHry4MIiZSlOfcNTMQ=="
      },
      "BenchmarkDotNet.Annotations": {
        "type": "Transitive",
        "resolved": "0.15.8",
        "contentHash": "hfucY0ycAsB0SsoaZcaAp9oq5wlWBJcylvEJb9pmvdYUx6PD6S4mDiYnZWjdjAlLhIpe/xtGCwzORfzAzPqvzA=="
      },
      "Castle.Core": {
        "type": "Transitive",
        "resolved": "5.1.1",
        "contentHash": "rpYtIczkzGpf+EkZgDr9CClTdemhsrwA/W5hMoPjLkRFnXzH44zDLoovXeKtmxb1ykXK9aJVODSpiJml8CTw2g==",
        "dependencies": {
          "System.Diagnostics.EventLog": "6.0.0"
        }
      },
      "CommandLineParser": {
        "type": "Transitive",
        "resolved": "2.9.1",
        "contentHash": "OE0sl1/sQ37bjVsPKKtwQlWDgqaxWgtme3xZz7JssWUzg5JpMIyHgCTY9MVMxOg48fJ1AgGT3tgdH5m/kQ5xhA=="
      },
      "CommunityToolkit.HighPerformance": {
        "type": "Transitive",
        "resolved": "8.4.2",
        "contentHash": "2hmtrrU18x6NL3mbuAqwy0KpnoEEJOuK6sH5RKQfD/jHijn2pqvqBUC7WGy9dgNBL9BDA7eOC0kirsNPMp2f4Q=="
      },
      "DiffEngine": {
        "type": "Transitive",
        "resolved": "19.2.0",
        "contentHash": "T6LKWC+YPNswK8hgZ+kYqsIeS75qd2loAFbyopOoLwN0zK/MIEGjKMdIIF46slQfDIveZU5Rj8Ur4lUxnXdahQ==",
        "dependencies": {
          "EmptyFiles": "8.18.1"
        }
      },
      "EmptyFiles": {
        "type": "Transitive",
        "resolved": "8.18.1",
        "contentHash": "5gA7ICU+CafaHJLbrL/lOEABwkmXS6089WoCbn+NkIul2ATAGGzQsD4cXOFmYmQp6b9Jd/f4bb2EK+14dY75Pw=="
      },
      "Gee.External.Capstone": {
        "type": "Transitive",
        "resolved": "2.3.0",
        "contentHash": "2ap/rYmjtzCOT8hxrnEW/QeiOt+paD8iRrIcdKX0cxVwWLFa1e+JDBNeECakmccXrSFeBQuu5AV8SNkipFMMMw=="
      },
      "Gremlin.Net": {
        "type": "Transitive",
        "resolved": "3.7.6",
        "contentHash": "ZMO3fPrsneZQnQc5ks1xbq66ZPuIVVkO2RBiQzhbPn2GENqh5JCQ16dHo1sjRV76m9VP/lYrsSsTFYYo8vZjYA==",
        "dependencies": {
          "Microsoft.Extensions.Logging.Abstractions": "8.0.2",
          "Polly": "8.5.1"
        }
      },
      "Iced": {
        "type": "Transitive",
        "resolved": "1.21.0",
        "contentHash": "dv5+81Q1TBQvVMSOOOmRcjJmvWcX3BZPZsIq31+RLc5cNft0IHAyNlkdb7ZarOWG913PyBoFDsDXoCIlKmLclg=="
      },
      "Microsoft.Bcl.AsyncInterfaces": {
        "type": "Transitive",
        "resolved": "10.0.8",
        "contentHash": "e+kYYRb0HmNo5FTOcjXkP0mIEFHEyygm4ea/iLWpdumsACzCH078nZMfnk6RQFmtSrnNbh654c8nNtmUSwQoow=="
      },
      "Microsoft.CodeAnalysis.Analyzers": {
        "type": "Transitive",
        "resolved": "5.3.0-2.25625.1",
        "contentHash": "4Yhh2fnu3G+J0J1lDc8WZVgMjgbynSeTfkl5IFJMFrmiIO0sc7Tjx+f3sFVV8Sd35PrIUWfof0RWc3lAMl7Azg=="
      },
      "Microsoft.CodeAnalysis.Common": {
        "type": "Transitive",
        "resolved": "5.3.0",
        "contentHash": "uC0qk3jzTQY7i90ehfnCqaOZpBUGJyPMiHJ3c0jOb8yaPBjWzIhVdNxPbeVzI74DB0C+YgBKPLqUkgFZzua5Mg==",
        "dependencies": {
          "Microsoft.CodeAnalysis.Analyzers": "5.3.0-2.25625.1"
        }
      },
      "Microsoft.Diagnostics.NETCore.Client": {
        "type": "Transitive",
        "resolved": "0.2.510501",
        "contentHash": "juoqJYMDs+lRrrZyOkXXMImJHneCF23cuvO4waFRd2Ds7j+ZuGIPbJm0Y/zz34BdeaGiiwGWraMUlln05W1PCQ==",
        "dependencies": {
          "Microsoft.Extensions.Logging": "6.0.0"
        }
      },
      "Microsoft.Diagnostics.Runtime": {
        "type": "Transitive",
        "resolved": "3.1.512801",
        "contentHash": "0lMUDr2oxNZa28D6NH5BuSQEe5T9tZziIkvkD44YkkCGQXPJqvFjLq5ZQq1hYLl3RjQJrY+hR0jFgap+EWPDTw==",
        "dependencies": {
          "Microsoft.Diagnostics.NETCore.Client": "0.2.410101"
        }
      },
      "Microsoft.Diagnostics.Tracing.TraceEvent": {
        "type": "Transitive",
        "resolved": "3.1.21",
        "contentHash": "/OrJFKaojSR6TkUKtwh8/qA9XWNtxLrXMqvEb89dBSKCWjaGVTbKMYodIUgF5deCEtmd6GXuRerciXGl5bhZ7Q==",
        "dependencies": {
          "Microsoft.Diagnostics.NETCore.Client": "0.2.510501"
        }
      },
      "Microsoft.DotNet.PlatformAbstractions": {
        "type": "Transitive",
        "resolved": "3.1.6",
        "contentHash": "jek4XYaQ/PGUwDKKhwR8K47Uh1189PFzMeLqO83mXrXQVIpARZCcfuDedH50YDTepBkfijCZN5U/vZi++erxtg=="
      },
      "Microsoft.Extensions.DependencyInjection.Abstractions": {
        "type": "Transitive",
        "resolved": "10.0.9",
        "contentHash": "g41l/30G3K4B/d/L8kjux0+30e27c8D0FVQ/PFCpbekgfDpj9mnDhieP67EqXWvl1EWNeZh2rpR4F5B/jcDOHA=="
      },
      "Microsoft.Extensions.Logging": {
        "type": "Transitive",
        "resolved": "6.0.0",
        "contentHash": "eIbyj40QDg1NDz0HBW0S5f3wrLVnKWnDJ/JtZ+yJDFnDj90VoPuoPmFkeaXrtu+0cKm5GRAwoDf+dBWXK0TUdg==",
        "dependencies": {
          "Microsoft.Extensions.DependencyInjection": "6.0.0",
          "Microsoft.Extensions.DependencyInjection.Abstractions": "6.0.0",
          "Microsoft.Extensions.Logging.Abstractions": "6.0.0",
          "Microsoft.Extensions.Options": "6.0.0"
        }
      },
      "Microsoft.Extensions.Logging.Abstractions": {
        "type": "Transitive",
        "resolved": "8.0.2",
        "contentHash": "nroMDjS7hNBPtkZqVBbSiQaQjWRDxITI8Y7XnDs97rqG3EbzVTNLZQf7bIeUJcaHOV8bca47s1Uxq94+2oGdxA==",
        "dependencies": {
          "Microsoft.Extensions.DependencyInjection.Abstractions": "8.0.2"
        }
      },
      "Microsoft.Extensions.Options": {
        "type": "Transitive",
        "resolved": "6.0.0",
        "contentHash": "dzXN0+V1AyjOe2xcJ86Qbo233KHuLEY0njf/P2Kw8SfJU+d45HNS2ctJdnEnrWbM9Ye2eFgaC5Mj9otRMU6IsQ==",
        "dependencies": {
          "Microsoft.Extensions.DependencyInjection.Abstractions": "6.0.0",
          "Microsoft.Extensions.Primitives": "6.0.0"
        }
      },
      "Microsoft.Extensions.Primitives": {
        "type": "Transitive",
        "resolved": "6.0.0",
        "contentHash": "9+PnzmQFfEFNR9J2aDTfJGGupShHjOuGw4VUv+JB044biSHrnmCIMD+mJHmb2H7YryrfBEXDurxQ47gJZdCKNQ=="
      },
      "Microsoft.Win32.SystemEvents": {
        "type": "Transitive",
        "resolved": "6.0.0",
        "contentHash": "hqTM5628jSsQiv+HGpiq3WKBl2c8v1KZfby2J6Pr7pEPlK9waPdgEO6b8A/+/xn/yZ9ulv8HuqK71ONy2tg67A=="
      },
      "Perfolizer": {
        "type": "Transitive",
        "resolved": "0.6.1",
        "contentHash": "CR1QmWg4XYBd1Pb7WseP+sDmV8nGPwvmowKynExTqr3OuckIGVMhvmN4LC5PGzfXqDlR295+hz/T7syA1CxEqA==",
        "dependencies": {
          "Pragmastat": "3.2.4"
        }
      },
      "Polly": {
        "type": "Transitive",
        "resolved": "8.5.1",
        "contentHash": "/kMFDkE3Tl6rKA1o+JJZ+r3ij8kHVRkIcHhx2fjvoTDl6risPH3KfCb0g9tfFni4qUbcPqkhDNcb0EvMPpyRKw==",
        "dependencies": {
          "Polly.Core": "8.5.1"
        }
      },
      "Polly.Core": {
        "type": "Transitive",
        "resolved": "8.5.1",
        "contentHash": "47BFjJJhlfSrwLgKoouCJYOYd+IRtFSrvaI9/QL3hbs6qGRtByw7D3QBVnGiDPNNSZ7oHfE7Fm/QIg/gd2ypWw=="
      },
      "Pragmastat": {
        "type": "Transitive",
        "resolved": "3.2.4",
        "contentHash": "I5qFifWw/gaTQT52MhzjZpkm/JPlfjSeO/DTZJjO7+hTKI+0aGRgOgZ3NN6D96dDuuqbIAZSeA5RimtHjqrA2A=="
      },
      "SimpleInfoName": {
        "type": "Transitive",
        "resolved": "3.2.0",
        "contentHash": "K8ivHRbPWfncijk62Dan/r/z55gwq3aFzqB6yFlD9X0bbpIaacHyHH2cpcIdz0FECUpERUZTwxts0z4gRWpQpA=="
      },
      "System.CodeDom": {
        "type": "Transitive",
        "resolved": "9.0.5",
        "contentHash": "cuzLM2MWutf9ZBEMPYYfd0DXwYdvntp7VCT6a/wvbKCa2ZuvGmW74xi+YBa2mrfEieAXqM4TNKlMmSnfAfpUoQ=="
      },
      "System.Configuration.ConfigurationManager": {
        "type": "Transitive",
        "resolved": "6.0.0",
        "contentHash": "7T+m0kDSlIPTHIkPMIu6m6tV6qsMqJpvQWW2jIc2qi7sn40qxFo0q+7mEQAhMPXZHMKnWrnv47ntGlM/ejvw3g==",
        "dependencies": {
          "System.Security.Cryptography.ProtectedData": "6.0.0",
          "System.Security.Permissions": "6.0.0"
        }
      },
      "System.Diagnostics.EventLog": {
        "type": "Transitive",
        "resolved": "6.0.0",
        "contentHash": "lcyUiXTsETK2ALsZrX+nWuHSIQeazhqPphLfaRxzdGaG93+0kELqpgEHtwWOlQe7+jSFnKwaCAgL4kjeZCQJnw=="
      },
      "System.Drawing.Common": {
        "type": "Transitive",
        "resolved": "6.0.0",
        "contentHash": "NfuoKUiP2nUWwKZN6twGqXioIe1zVD0RIj2t976A+czLHr2nY454RwwXs6JU9Htc6mwqL6Dn/nEL3dpVf2jOhg==",
        "dependencies": {
          "Microsoft.Win32.SystemEvents": "6.0.0"
        }
      },
      "System.Management": {
        "type": "Transitive",
        "resolved": "9.0.5",
        "contentHash": "n6o9PZm9p25+zAzC3/48K0oHnaPKTInRrxqFq1fi/5TPbMLjuoCm/h//mS3cUmSy+9AO1Z+qsC/Ilt/ZFatv5Q==",
        "dependencies": {
          "System.CodeDom": "9.0.5"
        }
      },
      "System.Security.Cryptography.ProtectedData": {
        "type": "Transitive",
        "resolved": "6.0.0",
        "contentHash": "rp1gMNEZpvx9vP0JW0oHLxlf8oSiQgtno77Y4PLUBjSiDYoD77Y8uXHr1Ea5XG4/pIKhqAdxZ8v8OTUtqo9PeQ=="
      },
      "System.Security.Permissions": {
        "type": "Transitive",
        "resolved": "6.0.0",
        "contentHash": "T/uuc7AklkDoxmcJ7LGkyX1CcSviZuLCa4jg3PekfJ7SU0niF0IVTXwUiNVP9DSpzou2PpxJ+eNY2IfDM90ZCg==",
        "dependencies": {
          "System.Windows.Extensions": "6.0.0"
        }
      },
      "System.Windows.Extensions": {
        "type": "Transitive",
        "resolved": "6.0.0",
        "contentHash": "IXoJOXIqc39AIe+CIR7koBtRGMiCt/LPM3lI+PELtDIy9XdyeSrwXFdWV9dzJ2Awl0paLWUaknLxFQ5HpHZUog==",
        "dependencies": {
          "System.Drawing.Common": "6.0.0"
        }
      },
      "Verify": {
        "type": "Transitive",
        "resolved": "31.17.0",
        "contentHash": "xgVXJ7Bqy1P9VMb4kMvzODnG8/G7ZKZ0KAzSU08YijXZEFYTwANmFlvyFikDVeLEzDVu5yzDuQqlDI5BN/cweA==",
        "dependencies": {
          "Argon": "0.34.0",
          "DiffEngine": "19.2.0",
          "SimpleInfoName": "3.2.0"
        }
      },
      "xunit.v3.common": {
        "type": "Transitive",
        "resolved": "3.2.2",
        "contentHash": "Hj775PEH6GTbbg0wfKRvG2hNspDCvTH9irXhH4qIWgdrOSV1sQlqPie+DOvFeigsFg2fxSM3ZAaaCDQs+KreFA==",
        "dependencies": {
          "Microsoft.Bcl.AsyncInterfaces": "6.0.0"
        }
      },
      "xunit.v3.extensibility.core": {
        "type": "Transitive",
        "resolved": "3.2.2",
        "contentHash": "srY8z/oMPvh/t8axtO2DwrHajhFMH7tnqKildvYrVQIfICi8fOn3yIBWkVPAcrKmHMwvXRJ/XsQM3VMR6DOYfQ==",
        "dependencies": {
          "xunit.v3.common": "[3.2.2]"
        }
      },
      "exram.gremlinq.core": {
        "type": "Project",
        "dependencies": {
          "CommunityToolkit.HighPerformance": "[8.4.2, )",
          "Gremlin.Net": "[3.7.6, )"
        }
      },
      "exram.gremlinq.providers.core": {
        "type": "Project",
        "dependencies": {
          "ExRam.Gremlinq.Core": "[1.0.0, )"
        }
      },
      "exram.gremlinq.tests.entities": {
        "type": "Project",
        "dependencies": {
          "ExRam.Gremlinq.Core": "[1.0.0, )",
          "FluentAssertions": "[7.2.2, 7.2.2]",
          "NSubstitute": "[5.3.0, )",
          "Verify.XunitV3": "[31.17.0, )"
        }
      }
    }
  }
}